
Microsoft Visual Studio Solution File, Format Version 12.00
# Visual Studio 2013
VisualStudioVersion = 12.0.40629.0
MinimumVisualStudioVersion = 10.0.40219.1
Project("{E24C65DC-7377-472B-9ABA-BC803B73C61A}") = "Website(1)", "http://localhost:51014", "{53F49F43-AC09-4181-95B9-28BDC6D0D2F1}"
	ProjectSection(WebsiteProperties) = preProject
		UseIISExpress = "true"
		TargetFrameworkMoniker = ".NETFramework,Version%3Dv4.5"
		ProjectReferences = "{ecda7d0f-c321-40a7-a709-62af4495638c}|eRestaurant.Framework.dll;"
		Debug.AspNetCompiler.VirtualPath = "/localhost_51014"
		Debug.AspNetCompiler.PhysicalPath = "Website\"
		Debug.AspNetCompiler.TargetPath = "PrecompiledWeb\localhost_51014\"
		Debug.AspNetCompiler.Updateable = "true"
		Debug.AspNetCompiler.ForceOverwrite = "true"
		Debug.AspNetCompiler.FixedNames = "false"
		Debug.AspNetCompiler.Debug = "True"
		Release.AspNetCompiler.VirtualPath = "/localhost_51014"
		Release.AspNetCompiler.PhysicalPath = "Website\"
		Release.AspNetCompiler.TargetPath = "PrecompiledWeb\localhost_51014\"
		Release.AspNetCompiler.Updateable = "true"
		Release.AspNetCompiler.ForceOverwrite = "true"
		Release.AspNetCompiler.FixedNames = "false"
		Release.AspNetCompiler.Debug = "False"
		SlnRelativePath = "Website\"
		DefaultWebSiteLanguage = "Visual C#"
	EndProjectSection
EndProject
Project("{FAE04EC0-301F-11D3-BF4B-00C04F79EFBC}") = "eRestaurant.Framework", "eRestaurant.Framework\eRestaurant.Framework.csproj", "{ECDA7D0F-C321-40A7-A709-62AF4495638C}"
EndProject
Global
	GlobalSection(SolutionConfigurationPlatforms) = preSolution
		Debug|Any CPU = Debug|Any CPU
		Release|Any CPU = Release|Any CPU
	EndGlobalSection
	GlobalSection(ProjectConfigurationPlatforms) = postSolution
		{53F49F43-AC09-4181-95B9-28BDC6D0D2F1}.Debug|Any CPU.ActiveCfg = Debug|Any CPU
		{53F49F43-AC09-4181-95B9-28BDC6D0D2F1}.Debug|Any CPU.Build.0 = Debug|Any CPU
		{53F49F43-AC09-4181-95B9-28BDC6D0D2F1}.Release|Any CPU.ActiveCfg = Debug|Any CPU
		{53F49F43-AC09-4181-95B9-28BDC6D0D2F1}.Release|Any CPU.Build.0 = Debug|Any CPU
		{ECDA7D0F-C321-40A7-A709-62AF4495638C}.Debug|Any CPU.ActiveCfg = Debug|Any CPU
		{ECDA7D0F-C321-40A7-A709-62AF4495638C}.Debug|Any CPU.Build.0 = Debug|Any CPU
		{ECDA7D0F-C321-40A7-A709-62AF4495638C}.Release|Any CPU.ActiveCfg = Release|Any CPU
		{ECDA7D0F-C321-40A7-A709-62AF4495638C}.Release|Any CPU.Build.0 = Release|Any CPU
	EndGlobalSection
	GlobalSection(SolutionProperties) = preSolution
		HideSolutionNode = FALSE
	EndGlobalSection
EndGlobal
